
Microsoft Visual Studio Solution File, Format Version 12.00
# Visual Studio Version 16
VisualStudioVersion = 16.0.33214.272
MinimumVisualStudioVersion = 10.0.40219.1
Project("{FAE04EC0-301F-11D3-BF4B-00C04F79EFBC}") = "2 - aim training", "2 - aim training\2 - aim training.csproj", "{E15F0BF4-BB74-436F-BFB5-E74A50C5B151}"
EndProject
Global
	GlobalSection(SolutionConfigurationPlatforms) = preSolution
		Debug|Any CPU = Debug|Any CPU
		Release|Any CPU = Release|Any CPU
	EndGlobalSection
	GlobalSection(ProjectConfigurationPlatforms) = postSolution
		{E15F0BF4-BB74-436F-BFB5-E74A50C5B151}.Debug|Any CPU.ActiveCfg = Debug|Any CPU
		{E15F0BF4-BB74-436F-BFB5-E74A50C5B151}.Debug|Any CPU.Build.0 = Debug|Any CPU
		{E15F0BF4-BB74-436F-BFB5-E74A50C5B151}.Release|Any CPU.ActiveCfg = Release|Any CPU
		{E15F0BF4-BB74-436F-BFB5-E74A50C5B151}.Release|Any CPU.Build.0 = Release|Any CPU
	EndGlobalSection
	GlobalSection(SolutionProperties) = preSolution
		HideSolutionNode = FALSE
	EndGlobalSection
	GlobalSection(ExtensibilityGlobals) = postSolution
		SolutionGuid = {D185C2FE-F3C5-4FFB-BD05-FD855247C13C}
	EndGlobalSection
EndGlobal
